
Microsoft Visual Studio Solution File, Format Version 12.00
# Visual Studio Version 17
VisualStudioVersion = 17.0.32126.317
MinimumVisualStudioVersion = 10.0.40219.1
Project("{9A19103F-16F7-4668-BE54-9A1E7A4F7556}") = "CoreAppFood", "CoreAppFood.csproj", "{E9475448-6FC4-4EB9-8CBB-23AF37C39BBF}"
EndProject
Global
	GlobalSection(SolutionConfigurationPlatforms) = preSolution
		Debug|Any CPU = Debug|Any CPU
		Release|Any CPU = Release|Any CPU
	EndGlobalSection
	GlobalSection(ProjectConfigurationPlatforms) = postSolution
		{E9475448-6FC4-4EB9-8CBB-23AF37C39BBF}.Debug|Any CPU.ActiveCfg = Debug|Any CPU
		{E9475448-6FC4-4EB9-8CBB-23AF37C39BBF}.Debug|Any CPU.Build.0 = Debug|Any CPU
		{E9475448-6FC4-4EB9-8CBB-23AF37C39BBF}.Release|Any CPU.ActiveCfg = Release|Any CPU
		{E9475448-6FC4-4EB9-8CBB-23AF37C39BBF}.Release|Any CPU.Build.0 = Release|Any CPU
	EndGlobalSection
	GlobalSection(SolutionProperties) = preSolution
		HideSolutionNode = FALSE
	EndGlobalSection
	GlobalSection(ExtensibilityGlobals) = postSolution
		SolutionGuid = {65E64A62-566D-4438-B384-FA31E16CCDB5}
	EndGlobalSection
EndGlobal
